
Microsoft Visual Studio Solution File, Format Version 12.00
# Visual Studio Version 17
VisualStudioVersion = 17.0.31423.177
MinimumVisualStudioVersion = 10.0.40219.1
Project("{9A19103F-16F7-4668-BE54-9A1E7A4F7556}") = "oops", "Oops\oops.csproj", "{13D43A29-98BF-4026-AB03-32D7BB19A63B}"
EndProject
Global
	GlobalSection(SolutionConfigurationPlatforms) = preSolution
		Debug|Any CPU = Debug|Any CPU
		Release|Any CPU = Release|Any CPU
	EndGlobalSection
	GlobalSection(ProjectConfigurationPlatforms) = postSolution
		{13D43A29-98BF-4026-AB03-32D7BB19A63B}.Debug|Any CPU.ActiveCfg = Debug|Any CPU
		{13D43A29-98BF-4026-AB03-32D7BB19A63B}.Debug|Any CPU.Build.0 = Debug|Any CPU
		{13D43A29-98BF-4026-AB03-32D7BB19A63B}.Release|Any CPU.ActiveCfg = Release|Any CPU
		{13D43A29-98BF-4026-AB03-32D7BB19A63B}.Release|Any CPU.Build.0 = Release|Any CPU
	EndGlobalSection
	GlobalSection(SolutionProperties) = preSolution
		HideSolutionNode = FALSE
	EndGlobalSection
	GlobalSection(ExtensibilityGlobals) = postSolution
		SolutionGuid = {538CD5D7-2BF2-4CF1-9813-795CF9AD1B33}
	EndGlobalSection
EndGlobal
